<?xml version="1.0" encoding="UTF-8" standalone="yes" ?>
<CodeBlocks_project_file>
	<FileVersion major="1" minor="6" />
	<Project>
		<Option title="DevDuMoteur" />
		<Option pch_mode="2" />
		<Option compiler="gcc" />
		<Build>
			<Target title="Debug">
				<Option output="bin/Debug/DevDuMoteur" prefix_auto="1" extension_auto="1" />
				<Option object_output="obj/Debug/" />
				<Option type="1" />
				<Option compiler="gcc" />
				<Compiler>
					<Add option="-g" />
					<Add directory="../SFML/include" />
					<Add directory="./src" />
					<Add directory="./src/Mot" />
					<Add directory="src" />
					<Add directory="src/Mot" />
				</Compiler>
				<Linker>
					<Add library="sfml-graphics-d" />
					<Add library="sfml-window-d" />
					<Add library="sfml-system-d" />
					<Add directory="../SFML/lib" />
				</Linker>
			</Target>
			<Target title="Release">
				<Option output="bin/Release/DevDuMoteur" prefix_auto="1" extension_auto="1" />
				<Option object_output="obj/Release/" />
				<Option type="1" />
				<Option compiler="gcc" />
				<Compiler>
					<Add option="-O2" />
					<Add directory="../SFML/include" />
					<Add directory="./src" />
					<Add directory="./src/Mot" />
					<Add directory="src" />
					<Add directory="src/Mot" />
				</Compiler>
				<Linker>
					<Add option="-s" />
					<Add library="sfml-graphics" />
					<Add library="sfml-window" />
					<Add library="sfml-system" />
					<Add directory="../SFML/lib" />
				</Linker>
			</Target>
		</Build>
		<Compiler>
			<Add option="-Wall" />
		</Compiler>
		<Unit filename="src/Dephazor.cpp" />
		<Unit filename="src/Dephazor.h" />
		<Unit filename="src/GameManager.cpp" />
		<Unit filename="src/GameManager.h" />
		<Unit filename="src/Mot/AnimatedSprite.cpp" />
		<Unit filename="src/Mot/AnimatedSprite.h" />
		<Unit filename="src/Mot/Button.cpp" />
		<Unit filename="src/Mot/Button.h" />
		<Unit filename="src/Mot/Camera.cpp" />
		<Unit filename="src/Mot/Camera.h" />
		<Unit filename="src/Mot/Collider.cpp" />
		<Unit filename="src/Mot/Collider.h" />
		<Unit filename="src/Mot/EventsManager.cpp" />
		<Unit filename="src/Mot/EventsManager.h" />
		<Unit filename="src/Mot/Force.cpp" />
		<Unit filename="src/Mot/Force.h" />
		<Unit filename="src/Mot/KeyboardListener.cpp" />
		<Unit filename="src/Mot/KeyboardListener.h" />
		<Unit filename="src/Mot/MouseAndKeyListener.cpp" />
		<Unit filename="src/Mot/MouseAndKeyListener.h" />
		<Unit filename="src/Mot/MouseListener.cpp" />
		<Unit filename="src/Mot/MouseListener.h" />
		<Unit filename="src/Mot/Obstacle.cpp" />
		<Unit filename="src/Mot/Obstacle.h" />
		<Unit filename="src/Mot/Rectangle.cpp" />
		<Unit filename="src/Mot/Rectangle.h" />
		<Unit filename="src/Mot/Screen.cpp" />
		<Unit filename="src/Mot/Screen.h" />
		<Unit filename="src/Mot/ScreenManager.cpp" />
		<Unit filename="src/Mot/ScreenManager.h" />
		<Unit filename="src/Mot/Sprite.cpp" />
		<Unit filename="src/Mot/Sprite.h" />
		<Unit filename="src/Mot/Text.cpp" />
		<Unit filename="src/Mot/Text.h" />
		<Unit filename="src/Mot/Texture.cpp" />
		<Unit filename="src/Mot/Texture.h" />
		<Unit filename="src/Mot/Vector2d.cpp" />
		<Unit filename="src/Mot/Vector2d.h" />
		<Unit filename="src/Mot/WorldElement.cpp" />
		<Unit filename="src/Mot/WorldElement.h" />
		<Unit filename="src/Mot/moteur2d.cpp" />
		<Unit filename="src/Mot/moteur2d.h" />
		<Unit filename="src/Opponent.cpp" />
		<Unit filename="src/Opponent.h" />
		<Unit filename="src/PersoTest.cpp" />
		<Unit filename="src/PersoTest.h" />
		<Unit filename="src/Planet.cpp" />
		<Unit filename="src/Planet.h" />
		<Unit filename="src/Pod.cpp" />
		<Unit filename="src/Pod.h" />
		<Unit filename="src/ScreenLevel1.cpp" />
		<Unit filename="src/ScreenLevel1.h" />
		<Unit filename="src/Spaceship.cpp" />
		<Unit filename="src/Spaceship.h" />
		<Unit filename="src/StartScreen.cpp" />
		<Unit filename="src/StartScreen.h" />
		<Unit filename="src/StartScreenLD40.cpp" />
		<Unit filename="src/StartScreenLD40.h" />
		<Unit filename="src/Test.cpp" />
		<Unit filename="src/TestGravity.cpp" />
		<Unit filename="src/TestGravity.h" />
		<Extensions>
			<code_completion />
			<envvars />
			<debugger />
			<lib_finder disable_auto="1" />
		</Extensions>
	</Project>
</CodeBlocks_project_file>
